
Microsoft Visual Studio Solution File, Format Version 12.00
# Visual Studio Version 17
VisualStudioVersion = 17.7.34031.279
MinimumVisualStudioVersion = 10.0.40219.1
Project("{FAE04EC0-301F-11D3-BF4B-00C04F79EFBC}") = "CurrencyConverter.API", "CurrencyConverter.API\CurrencyConverter.API.csproj", "{569E503C-5ABD-43B7-8642-250E9E826720}"
EndProject
Global
	GlobalSection(SolutionConfigurationPlatforms) = preSolution
		Debug|Any CPU = Debug|Any CPU
		Release|Any CPU = Release|Any CPU
	EndGlobalSection
	GlobalSection(ProjectConfigurationPlatforms) = postSolution
		{569E503C-5ABD-43B7-8642-250E9E826720}.Debug|Any CPU.ActiveCfg = Debug|Any CPU
		{569E503C-5ABD-43B7-8642-250E9E826720}.Debug|Any CPU.Build.0 = Debug|Any CPU
		{569E503C-5ABD-43B7-8642-250E9E826720}.Release|Any CPU.ActiveCfg = Release|Any CPU
		{569E503C-5ABD-43B7-8642-250E9E826720}.Release|Any CPU.Build.0 = Release|Any CPU
	EndGlobalSection
	GlobalSection(SolutionProperties) = preSolution
		HideSolutionNode = FALSE
	EndGlobalSection
	GlobalSection(ExtensibilityGlobals) = postSolution
		SolutionGuid = {76086638-0227-41A5-A9BE-61BEA8EB4CC4}
	EndGlobalSection
EndGlobal
